{
  "requires": true,
  "lockfileVersion": 1,
  "dependencies": {
    "@types/bson": {
      "version": "4.0.2",
      "resolved": "https://registry.npmjs.org/@types/bson/-/bson-4.0.2.tgz",
      "integrity": "sha512-+uWmsejEHfmSjyyM/LkrP0orfE2m5Mx9Xel4tXNeqi1ldK5XMQcDsFkBmLDtuyKUbxj2jGDo0H240fbCRJZo7Q==",
      "dev": true,
      "requires": {
        "@types/node": "*"
      }
    },
    "@types/mongodb": {
      "version": "3.5.4",
      "resolved": "https://registry.npmjs.org/@types/mongodb/-/mongodb-3.5.4.tgz",
      "integrity": "sha512-1Q781+rC+hYB34Ped9dRLOWsw1yTNwqphqkRyJR/yFuoWoZ3664s6RxilVSkqEm3lwFmpTYCXtGudxSpHHGDIQ==",
      "dev": true,
      "requires": {
        "@types/bson": "*",
        "@types/node": "*"
      }
    },
    "@types/mongoose": {
      "version": "5.7.8",
      "resolved": "https://registry.npmjs.org/@types/mongoose/-/mongoose-5.7.8.tgz",
      "integrity": "sha512-nLyVONnGou1DfNwyP70FUVG+teusG8Whlwbke5BZrZ03iG6Iyu5gowzfuKpN7pu8BW/SOcF+Gcpny08FJdGuWw==",
      "dev": true,
      "requires": {
        "@types/mongodb": "*",
        "@types/node": "*"
      }
    },
    "@types/node": {
      "version": "12.12.31",
      "resolved": "https://registry.npmjs.org/@types/node/-/node-12.12.31.tgz",
      "integrity": "sha512-T+wnJno8uh27G9c+1T+a1/WYCHzLeDqtsGJkoEdSp2X8RTh3oOCZQcUnjAx90CS8cmmADX51O0FI/tu9s0yssg==",
      "dev": true
    }
  }
}
